
Microsoft Visual Studio Solution File, Format Version 12.00
# Visual Studio 15
VisualStudioVersion = 15.0.26228.4
MinimumVisualStudioVersion = 10.0.40219.1
Project("{2150E333-8FDC-42A3-9474-1A3956D46DE8}") = "src", "src", "{CD00CC44-911C-4B2D-A127-71BF9351CB70}"
EndProject
Project("{2150E333-8FDC-42A3-9474-1A3956D46DE8}") = "Solution Items", "Solution Items", "{B07D91AC-FA90-4D85-8B10-53C7AF446223}"
EndProject
Project("{2150E333-8FDC-42A3-9474-1A3956D46DE8}") = "test", "test", "{DCBC5D89-9294-4574-9DD5-9150D683F750}"
EndProject
Project("{9A19103F-16F7-4668-BE54-9A1E7A4F7556}") = "WEB_NETCORE", "src\WEB_NETCORE\WEB_NETCORE.csproj", "{C6DD3B1E-754A-416B-90AC-60564AA40783}"
EndProject
Project("{9A19103F-16F7-4668-BE54-9A1E7A4F7556}") = "Hong.Common", "src\Hong.Common\Hong.Common.csproj", "{FF2CA19E-5ADE-478B-9C30-15DF5C1ED38C}"
EndProject
Project("{9A19103F-16F7-4668-BE54-9A1E7A4F7556}") = "Hong.Service", "src\Hong.Service\Hong.Service.csproj", "{28288F98-47C4-4F50-BD36-78EF088773AE}"
EndProject
Project("{9A19103F-16F7-4668-BE54-9A1E7A4F7556}") = "Hong.Model", "src\Hong.Model\Hong.Model.csproj", "{A4B7A9A8-80E8-4ECF-95EF-574B2269CF36}"
EndProject
Project("{9A19103F-16F7-4668-BE54-9A1E7A4F7556}") = "Hong.Cache", "src\Hong.Cache\Hong.Cache.csproj", "{2B2287FE-EA0D-4FF4-9963-57C6A383A39A}"
EndProject
Project("{9A19103F-16F7-4668-BE54-9A1E7A4F7556}") = "Hong.Algorithms", "src\Hong.Algorithms\Hong.Algorithms.csproj", "{4DE3DF4D-A71B-4CE0-A2E6-888E5E777498}"
EndProject
Project("{9A19103F-16F7-4668-BE54-9A1E7A4F7556}") = "Hong.DAO", "src\Hong.DAO\Hong.DAO.csproj", "{76829E70-6FC2-4BC6-B6A0-5CF055A65D05}"
EndProject
Project("{9A19103F-16F7-4668-BE54-9A1E7A4F7556}") = "Hong.MQ", "src\Hong.MQ\Hong.MQ.csproj", "{DD462F3D-7B1A-440C-89E5-02DC4A1DCAF9}"
EndProject
Project("{FAE04EC0-301F-11D3-BF4B-00C04F79EFBC}") = "Hong.MQ.Test", "test\Hong.MQ.Test\Hong.MQ.Test.csproj", "{F9F3DA28-303E-4D1D-88AF-1DEF447E70BB}"
EndProject
Project("{9A19103F-16F7-4668-BE54-9A1E7A4F7556}") = "Hong.Mvc", "src\Hong.Mvc\Hong.Mvc.csproj", "{E1825938-F0E2-4E9E-8229-8252CAB9D559}"
EndProject
Project("{9A19103F-16F7-4668-BE54-9A1E7A4F7556}") = "Hong.Base.Web", "test\Hong.Base.Web\Hong.Base.Web.csproj", "{D3979356-105F-4C50-B38B-7F9609B5F04C}"
EndProject
Project("{9A19103F-16F7-4668-BE54-9A1E7A4F7556}") = "Hong.Base.API", "test\Hong.Base.API\Hong.Base.API.csproj", "{BA648192-569F-4385-BBBA-A5FABB5DC8B7}"
EndProject
Project("{9A19103F-16F7-4668-BE54-9A1E7A4F7556}") = "Hong.Base.Test", "test\Hong.Base.Test\Hong.Base.Test.csproj", "{B1E5FCA9-23DF-4F42-9E88-B3E18EAE2473}"
EndProject
Project("{9A19103F-16F7-4668-BE54-9A1E7A4F7556}") = "Hong.Config", "src\Hong.Config\Hong.Config.csproj", "{9DB74360-2F2D-40E9-A892-D5073C9D7AE3}"
EndProject
Project("{9A19103F-16F7-4668-BE54-9A1E7A4F7556}") = "Hong.WebSocket", "src\Hong.WebSocket\Hong.WebSocket.csproj", "{7F7EB49D-4FAE-4606-A7D2-32923C97376A}"
EndProject
Project("{9A19103F-16F7-4668-BE54-9A1E7A4F7556}") = "Hong.NodeService", "src\Hong.NodeService\Hong.NodeService.csproj", "{6511FF73-E848-4616-832C-6422FC76B56D}"
EndProject
Global
	GlobalSection(SolutionConfigurationPlatforms) = preSolution
		Debug|Any CPU = Debug|Any CPU
		Release|Any CPU = Release|Any CPU
	EndGlobalSection
	GlobalSection(ProjectConfigurationPlatforms) = postSolution
		{C6DD3B1E-754A-416B-90AC-60564AA40783}.Debug|Any CPU.ActiveCfg = Debug|Any CPU
		{C6DD3B1E-754A-416B-90AC-60564AA40783}.Debug|Any CPU.Build.0 = Debug|Any CPU
		{C6DD3B1E-754A-416B-90AC-60564AA40783}.Release|Any CPU.ActiveCfg = Release|Any CPU
		{C6DD3B1E-754A-416B-90AC-60564AA40783}.Release|Any CPU.Build.0 = Release|Any CPU
		{FF2CA19E-5ADE-478B-9C30-15DF5C1ED38C}.Debug|Any CPU.ActiveCfg = Debug|Any CPU
		{FF2CA19E-5ADE-478B-9C30-15DF5C1ED38C}.Debug|Any CPU.Build.0 = Debug|Any CPU
		{FF2CA19E-5ADE-478B-9C30-15DF5C1ED38C}.Release|Any CPU.ActiveCfg = Release|Any CPU
		{FF2CA19E-5ADE-478B-9C30-15DF5C1ED38C}.Release|Any CPU.Build.0 = Release|Any CPU
		{28288F98-47C4-4F50-BD36-78EF088773AE}.Debug|Any CPU.ActiveCfg = Debug|Any CPU
		{28288F98-47C4-4F50-BD36-78EF088773AE}.Debug|Any CPU.Build.0 = Debug|Any CPU
		{28288F98-47C4-4F50-BD36-78EF088773AE}.Release|Any CPU.ActiveCfg = Release|Any CPU
		{28288F98-47C4-4F50-BD36-78EF088773AE}.Release|Any CPU.Build.0 = Release|Any CPU
		{A4B7A9A8-80E8-4ECF-95EF-574B2269CF36}.Debug|Any CPU.ActiveCfg = Debug|Any CPU
		{A4B7A9A8-80E8-4ECF-95EF-574B2269CF36}.Debug|Any CPU.Build.0 = Debug|Any CPU
		{A4B7A9A8-80E8-4ECF-95EF-574B2269CF36}.Release|Any CPU.ActiveCfg = Release|Any CPU
		{A4B7A9A8-80E8-4ECF-95EF-574B2269CF36}.Release|Any CPU.Build.0 = Release|Any CPU
		{2B2287FE-EA0D-4FF4-9963-57C6A383A39A}.Debug|Any CPU.ActiveCfg = Debug|Any CPU
		{2B2287FE-EA0D-4FF4-9963-57C6A383A39A}.Debug|Any CPU.Build.0 = Debug|Any CPU
		{2B2287FE-EA0D-4FF4-9963-57C6A383A39A}.Release|Any CPU.ActiveCfg = Release|Any CPU
		{2B2287FE-EA0D-4FF4-9963-57C6A383A39A}.Release|Any CPU.Build.0 = Release|Any CPU
		{4DE3DF4D-A71B-4CE0-A2E6-888E5E777498}.Debug|Any CPU.ActiveCfg = Debug|Any CPU
		{4DE3DF4D-A71B-4CE0-A2E6-888E5E777498}.Debug|Any CPU.Build.0 = Debug|Any CPU
		{4DE3DF4D-A71B-4CE0-A2E6-888E5E777498}.Release|Any CPU.ActiveCfg = Release|Any CPU
		{4DE3DF4D-A71B-4CE0-A2E6-888E5E777498}.Release|Any CPU.Build.0 = Release|Any CPU
		{4DE3DF4D-A71B-4CE0-A2E6-888E5E777498}.Release|Any CPU.Deploy.0 = Release|Any CPU
		{76829E70-6FC2-4BC6-B6A0-5CF055A65D05}.Debug|Any CPU.ActiveCfg = Debug|Any CPU
		{76829E70-6FC2-4BC6-B6A0-5CF055A65D05}.Debug|Any CPU.Build.0 = Debug|Any CPU
		{76829E70-6FC2-4BC6-B6A0-5CF055A65D05}.Release|Any CPU.ActiveCfg = Release|Any CPU
		{76829E70-6FC2-4BC6-B6A0-5CF055A65D05}.Release|Any CPU.Build.0 = Release|Any CPU
		{DD462F3D-7B1A-440C-89E5-02DC4A1DCAF9}.Debug|Any CPU.ActiveCfg = Debug|Any CPU
		{DD462F3D-7B1A-440C-89E5-02DC4A1DCAF9}.Debug|Any CPU.Build.0 = Debug|Any CPU
		{DD462F3D-7B1A-440C-89E5-02DC4A1DCAF9}.Release|Any CPU.ActiveCfg = Release|Any CPU
		{DD462F3D-7B1A-440C-89E5-02DC4A1DCAF9}.Release|Any CPU.Build.0 = Release|Any CPU
		{F9F3DA28-303E-4D1D-88AF-1DEF447E70BB}.Debug|Any CPU.ActiveCfg = Debug|Any CPU
		{F9F3DA28-303E-4D1D-88AF-1DEF447E70BB}.Debug|Any CPU.Build.0 = Debug|Any CPU
		{F9F3DA28-303E-4D1D-88AF-1DEF447E70BB}.Release|Any CPU.ActiveCfg = Release|Any CPU
		{F9F3DA28-303E-4D1D-88AF-1DEF447E70BB}.Release|Any CPU.Build.0 = Release|Any CPU
		{E1825938-F0E2-4E9E-8229-8252CAB9D559}.Debug|Any CPU.ActiveCfg = Debug|Any CPU
		{E1825938-F0E2-4E9E-8229-8252CAB9D559}.Debug|Any CPU.Build.0 = Debug|Any CPU
		{E1825938-F0E2-4E9E-8229-8252CAB9D559}.Release|Any CPU.ActiveCfg = Release|Any CPU
		{E1825938-F0E2-4E9E-8229-8252CAB9D559}.Release|Any CPU.Build.0 = Release|Any CPU
		{D3979356-105F-4C50-B38B-7F9609B5F04C}.Debug|Any CPU.ActiveCfg = Debug|Any CPU
		{D3979356-105F-4C50-B38B-7F9609B5F04C}.Debug|Any CPU.Build.0 = Debug|Any CPU
		{D3979356-105F-4C50-B38B-7F9609B5F04C}.Release|Any CPU.ActiveCfg = Release|Any CPU
		{D3979356-105F-4C50-B38B-7F9609B5F04C}.Release|Any CPU.Build.0 = Release|Any CPU
		{BA648192-569F-4385-BBBA-A5FABB5DC8B7}.Debug|Any CPU.ActiveCfg = Debug|Any CPU
		{BA648192-569F-4385-BBBA-A5FABB5DC8B7}.Debug|Any CPU.Build.0 = Debug|Any CPU
		{BA648192-569F-4385-BBBA-A5FABB5DC8B7}.Release|Any CPU.ActiveCfg = Release|Any CPU
		{BA648192-569F-4385-BBBA-A5FABB5DC8B7}.Release|Any CPU.Build.0 = Release|Any CPU
		{B1E5FCA9-23DF-4F42-9E88-B3E18EAE2473}.Debug|Any CPU.ActiveCfg = Debug|Any CPU
		{B1E5FCA9-23DF-4F42-9E88-B3E18EAE2473}.Debug|Any CPU.Build.0 = Debug|Any CPU
		{B1E5FCA9-23DF-4F42-9E88-B3E18EAE2473}.Release|Any CPU.ActiveCfg = Release|Any CPU
		{B1E5FCA9-23DF-4F42-9E88-B3E18EAE2473}.Release|Any CPU.Build.0 = Release|Any CPU
		{9DB74360-2F2D-40E9-A892-D5073C9D7AE3}.Debug|Any CPU.ActiveCfg = Debug|Any CPU
		{9DB74360-2F2D-40E9-A892-D5073C9D7AE3}.Debug|Any CPU.Build.0 = Debug|Any CPU
		{9DB74360-2F2D-40E9-A892-D5073C9D7AE3}.Release|Any CPU.ActiveCfg = Release|Any CPU
		{9DB74360-2F2D-40E9-A892-D5073C9D7AE3}.Release|Any CPU.Build.0 = Release|Any CPU
		{7F7EB49D-4FAE-4606-A7D2-32923C97376A}.Debug|Any CPU.ActiveCfg = Debug|Any CPU
		{7F7EB49D-4FAE-4606-A7D2-32923C97376A}.Debug|Any CPU.Build.0 = Debug|Any CPU
		{7F7EB49D-4FAE-4606-A7D2-32923C97376A}.Release|Any CPU.ActiveCfg = Release|Any CPU
		{7F7EB49D-4FAE-4606-A7D2-32923C97376A}.Release|Any CPU.Build.0 = Release|Any CPU
		{6511FF73-E848-4616-832C-6422FC76B56D}.Debug|Any CPU.ActiveCfg = Debug|Any CPU
		{6511FF73-E848-4616-832C-6422FC76B56D}.Debug|Any CPU.Build.0 = Debug|Any CPU
		{6511FF73-E848-4616-832C-6422FC76B56D}.Release|Any CPU.ActiveCfg = Release|Any CPU
		{6511FF73-E848-4616-832C-6422FC76B56D}.Release|Any CPU.Build.0 = Release|Any CPU
	EndGlobalSection
	GlobalSection(SolutionProperties) = preSolution
		HideSolutionNode = FALSE
	EndGlobalSection
	GlobalSection(NestedProjects) = preSolution
		{C6DD3B1E-754A-416B-90AC-60564AA40783} = {CD00CC44-911C-4B2D-A127-71BF9351CB70}
		{FF2CA19E-5ADE-478B-9C30-15DF5C1ED38C} = {CD00CC44-911C-4B2D-A127-71BF9351CB70}
		{28288F98-47C4-4F50-BD36-78EF088773AE} = {CD00CC44-911C-4B2D-A127-71BF9351CB70}
		{A4B7A9A8-80E8-4ECF-95EF-574B2269CF36} = {CD00CC44-911C-4B2D-A127-71BF9351CB70}
		{2B2287FE-EA0D-4FF4-9963-57C6A383A39A} = {CD00CC44-911C-4B2D-A127-71BF9351CB70}
		{4DE3DF4D-A71B-4CE0-A2E6-888E5E777498} = {CD00CC44-911C-4B2D-A127-71BF9351CB70}
		{76829E70-6FC2-4BC6-B6A0-5CF055A65D05} = {CD00CC44-911C-4B2D-A127-71BF9351CB70}
		{DD462F3D-7B1A-440C-89E5-02DC4A1DCAF9} = {CD00CC44-911C-4B2D-A127-71BF9351CB70}
		{F9F3DA28-303E-4D1D-88AF-1DEF447E70BB} = {DCBC5D89-9294-4574-9DD5-9150D683F750}
		{E1825938-F0E2-4E9E-8229-8252CAB9D559} = {CD00CC44-911C-4B2D-A127-71BF9351CB70}
		{D3979356-105F-4C50-B38B-7F9609B5F04C} = {DCBC5D89-9294-4574-9DD5-9150D683F750}
		{BA648192-569F-4385-BBBA-A5FABB5DC8B7} = {DCBC5D89-9294-4574-9DD5-9150D683F750}
		{B1E5FCA9-23DF-4F42-9E88-B3E18EAE2473} = {DCBC5D89-9294-4574-9DD5-9150D683F750}
		{9DB74360-2F2D-40E9-A892-D5073C9D7AE3} = {CD00CC44-911C-4B2D-A127-71BF9351CB70}
		{7F7EB49D-4FAE-4606-A7D2-32923C97376A} = {CD00CC44-911C-4B2D-A127-71BF9351CB70}
		{6511FF73-E848-4616-832C-6422FC76B56D} = {CD00CC44-911C-4B2D-A127-71BF9351CB70}
	EndGlobalSection
EndGlobal
